
Microsoft Visual Studio Solution File, Format Version 12.00
# Visual Studio Version 17
VisualStudioVersion = 17.10.34928.147
MinimumVisualStudioVersion = 10.0.40219.1
Project("{9A19103F-16F7-4668-BE54-9A1E7A4F7556}") = "PeblitAPI", "PeblitAPI\PeblitAPI.csproj", "{08C645F5-2677-47A1-846C-7BC1DD2933CA}"
EndProject
Project("{FAE04EC0-301F-11D3-BF4B-00C04F79EFBC}") = "PlebitAPI.CrossCutting", "PlebitAPI.CrossCutting\PlebitAPI.CrossCutting.csproj", "{A198E5F0-93D6-4C00-8A13-7A0C08D2565D}"
EndProject
Project("{FAE04EC0-301F-11D3-BF4B-00C04F79EFBC}") = "PeblitAPI.Domain", "PeblitAPI.Domain\PeblitAPI.Domain.csproj", "{53A4A152-4FC0-417E-BFD0-26B57C84082F}"
EndProject
Project("{FAE04EC0-301F-11D3-BF4B-00C04F79EFBC}") = "PeblitAPI.Application", "PeblitAPI.Application\PeblitAPI.Application.csproj", "{46E76D46-65AB-4D28-AEC4-6D6B1D44C224}"
EndProject
Project("{FAE04EC0-301F-11D3-BF4B-00C04F79EFBC}") = "PeblitAPI.Infraestructure", "PeblitAPI.Infraestructure\PeblitAPI.Infraestructure.csproj", "{6B160E24-EF15-4554-8BB5-2C2442927538}"
EndProject
Global
	GlobalSection(SolutionConfigurationPlatforms) = preSolution
		Debug|Any CPU = Debug|Any CPU
		Release|Any CPU = Release|Any CPU
	EndGlobalSection
	GlobalSection(ProjectConfigurationPlatforms) = postSolution
		{08C645F5-2677-47A1-846C-7BC1DD2933CA}.Debug|Any CPU.ActiveCfg = Debug|Any CPU
		{08C645F5-2677-47A1-846C-7BC1DD2933CA}.Debug|Any CPU.Build.0 = Debug|Any CPU
		{08C645F5-2677-47A1-846C-7BC1DD2933CA}.Release|Any CPU.ActiveCfg = Release|Any CPU
		{08C645F5-2677-47A1-846C-7BC1DD2933CA}.Release|Any CPU.Build.0 = Release|Any CPU
		{A198E5F0-93D6-4C00-8A13-7A0C08D2565D}.Debug|Any CPU.ActiveCfg = Debug|Any CPU
		{A198E5F0-93D6-4C00-8A13-7A0C08D2565D}.Debug|Any CPU.Build.0 = Debug|Any CPU
		{A198E5F0-93D6-4C00-8A13-7A0C08D2565D}.Release|Any CPU.ActiveCfg = Release|Any CPU
		{A198E5F0-93D6-4C00-8A13-7A0C08D2565D}.Release|Any CPU.Build.0 = Release|Any CPU
		{53A4A152-4FC0-417E-BFD0-26B57C84082F}.Debug|Any CPU.ActiveCfg = Debug|Any CPU
		{53A4A152-4FC0-417E-BFD0-26B57C84082F}.Debug|Any CPU.Build.0 = Debug|Any CPU
		{53A4A152-4FC0-417E-BFD0-26B57C84082F}.Release|Any CPU.ActiveCfg = Release|Any CPU
		{53A4A152-4FC0-417E-BFD0-26B57C84082F}.Release|Any CPU.Build.0 = Release|Any CPU
		{46E76D46-65AB-4D28-AEC4-6D6B1D44C224}.Debug|Any CPU.ActiveCfg = Debug|Any CPU
		{46E76D46-65AB-4D28-AEC4-6D6B1D44C224}.Debug|Any CPU.Build.0 = Debug|Any CPU
		{46E76D46-65AB-4D28-AEC4-6D6B1D44C224}.Release|Any CPU.ActiveCfg = Release|Any CPU
		{46E76D46-65AB-4D28-AEC4-6D6B1D44C224}.Release|Any CPU.Build.0 = Release|Any CPU
		{6B160E24-EF15-4554-8BB5-2C2442927538}.Debug|Any CPU.ActiveCfg = Debug|Any CPU
		{6B160E24-EF15-4554-8BB5-2C2442927538}.Debug|Any CPU.Build.0 = Debug|Any CPU
		{6B160E24-EF15-4554-8BB5-2C2442927538}.Release|Any CPU.ActiveCfg = Release|Any CPU
		{6B160E24-EF15-4554-8BB5-2C2442927538}.Release|Any CPU.Build.0 = Release|Any CPU
	EndGlobalSection
	GlobalSection(SolutionProperties) = preSolution
		HideSolutionNode = FALSE
	EndGlobalSection
	GlobalSection(ExtensibilityGlobals) = postSolution
		SolutionGuid = {A68B97DB-E7B5-43A2-9320-A9AF7CC09D5F}
	EndGlobalSection
EndGlobal
